
Microsoft Visual Studio Solution File, Format Version 12.00
# Visual Studio Version 16
VisualStudioVersion = 16.0.29920.165
MinimumVisualStudioVersion = 10.0.40219.1
Project("{FAE04EC0-301F-11D3-BF4B-00C04F79EFBC}") = "BulkyBook", "BulkyBook\BulkyBook.csproj", "{15E3E681-171D-4037-992F-673F20341D50}"
EndProject
Project("{FAE04EC0-301F-11D3-BF4B-00C04F79EFBC}") = "BulkyBook.DataAccess", "BulkyBook.DataAccess\BulkyBook.DataAccess.csproj", "{95524F69-C8F7-4A2E-871F-B010425F1237}"
EndProject
Project("{FAE04EC0-301F-11D3-BF4B-00C04F79EFBC}") = "BulkyBook.Models", "BulkyBook.Models\BulkyBook.Models.csproj", "{B4082DC3-1EC7-4AA7-AE95-7E218257A3D5}"
EndProject
Project("{FAE04EC0-301F-11D3-BF4B-00C04F79EFBC}") = "BulkyBook.Utility", "BulkyBook.Utility\BulkyBook.Utility.csproj", "{BFE18390-0C8E-4126-8D1F-B45CC2F330B9}"
EndProject
Global
	GlobalSection(SolutionConfigurationPlatforms) = preSolution
		Debug|Any CPU = Debug|Any CPU
		Release|Any CPU = Release|Any CPU
	EndGlobalSection
	GlobalSection(ProjectConfigurationPlatforms) = postSolution
		{15E3E681-171D-4037-992F-673F20341D50}.Debug|Any CPU.ActiveCfg = Debug|Any CPU
		{15E3E681-171D-4037-992F-673F20341D50}.Debug|Any CPU.Build.0 = Debug|Any CPU
		{15E3E681-171D-4037-992F-673F20341D50}.Release|Any CPU.ActiveCfg = Release|Any CPU
		{15E3E681-171D-4037-992F-673F20341D50}.Release|Any CPU.Build.0 = Release|Any CPU
		{95524F69-C8F7-4A2E-871F-B010425F1237}.Debug|Any CPU.ActiveCfg = Debug|Any CPU
		{95524F69-C8F7-4A2E-871F-B010425F1237}.Debug|Any CPU.Build.0 = Debug|Any CPU
		{95524F69-C8F7-4A2E-871F-B010425F1237}.Release|Any CPU.ActiveCfg = Release|Any CPU
		{95524F69-C8F7-4A2E-871F-B010425F1237}.Release|Any CPU.Build.0 = Release|Any CPU
		{B4082DC3-1EC7-4AA7-AE95-7E218257A3D5}.Debug|Any CPU.ActiveCfg = Debug|Any CPU
		{B4082DC3-1EC7-4AA7-AE95-7E218257A3D5}.Debug|Any CPU.Build.0 = Debug|Any CPU
		{B4082DC3-1EC7-4AA7-AE95-7E218257A3D5}.Release|Any CPU.ActiveCfg = Release|Any CPU
		{B4082DC3-1EC7-4AA7-AE95-7E218257A3D5}.Release|Any CPU.Build.0 = Release|Any CPU
		{BFE18390-0C8E-4126-8D1F-B45CC2F330B9}.Debug|Any CPU.ActiveCfg = Debug|Any CPU
		{BFE18390-0C8E-4126-8D1F-B45CC2F330B9}.Debug|Any CPU.Build.0 = Debug|Any CPU
		{BFE18390-0C8E-4126-8D1F-B45CC2F330B9}.Release|Any CPU.ActiveCfg = Release|Any CPU
		{BFE18390-0C8E-4126-8D1F-B45CC2F330B9}.Release|Any CPU.Build.0 = Release|Any CPU
	EndGlobalSection
	GlobalSection(SolutionProperties) = preSolution
		HideSolutionNode = FALSE
	EndGlobalSection
	GlobalSection(ExtensibilityGlobals) = postSolution
		SolutionGuid = {A7313B8A-CBE3-4C4F-9FFD-1435FBFD22E9}
	EndGlobalSection
EndGlobal
